
Microsoft Visual Studio Solution File, Format Version 12.00
# Visual Studio Version 17
VisualStudioVersion = 17.5.002.0
MinimumVisualStudioVersion = 10.0.40219.1
Project("{9A19103F-16F7-4668-BE54-9A1E7A4F7556}") = "DemoMVC", "DemoMVC.csproj", "{4D5BDCD6-77E3-4E57-B453-1F19F8630680}"
EndProject
Global
	GlobalSection(SolutionConfigurationPlatforms) = preSolution
		Debug|Any CPU = Debug|Any CPU
		Release|Any CPU = Release|Any CPU
	EndGlobalSection
	GlobalSection(ProjectConfigurationPlatforms) = postSolution
		{4D5BDCD6-77E3-4E57-B453-1F19F8630680}.Debug|Any CPU.ActiveCfg = Debug|Any CPU
		{4D5BDCD6-77E3-4E57-B453-1F19F8630680}.Debug|Any CPU.Build.0 = Debug|Any CPU
		{4D5BDCD6-77E3-4E57-B453-1F19F8630680}.Release|Any CPU.ActiveCfg = Release|Any CPU
		{4D5BDCD6-77E3-4E57-B453-1F19F8630680}.Release|Any CPU.Build.0 = Release|Any CPU
	EndGlobalSection
	GlobalSection(SolutionProperties) = preSolution
		HideSolutionNode = FALSE
	EndGlobalSection
	GlobalSection(ExtensibilityGlobals) = postSolution
		SolutionGuid = {C28EE900-0C34-49F4-93D2-FB091C7E1DAB}
	EndGlobalSection
EndGlobal
